
Microsoft Visual Studio Solution File, Format Version 12.00
# Visual Studio 2012
Project("{FAE04EC0-301F-11D3-BF4B-00C04F79EFBC}") = "B3Center", "B3Center.csproj", "{1328EDD3-5063-4ED9-905C-0E892A121D84}"
EndProject
Project("{FAE04EC0-301F-11D3-BF4B-00C04F79EFBC}") = "EliteBase", "..\..\DLLs\EliteBase\EliteBase.csproj", "{D4D6E9F2-A627-413E-9B45-A20E29680A84}"
EndProject
Project("{FAE04EC0-301F-11D3-BF4B-00C04F79EFBC}") = "EliteUI", "..\..\DLLs\EliteUI\EliteUI.csproj", "{F38D464E-631F-45F3-942F-2C36AA77D04D}"
EndProject
Global
	GlobalSection(SolutionConfigurationPlatforms) = preSolution
		Debug|Any CPU = Debug|Any CPU
		Release|Any CPU = Release|Any CPU
	EndGlobalSection
	GlobalSection(ProjectConfigurationPlatforms) = postSolution
		{1328EDD3-5063-4ED9-905C-0E892A121D84}.Debug|Any CPU.ActiveCfg = Debug|Any CPU
		{1328EDD3-5063-4ED9-905C-0E892A121D84}.Debug|Any CPU.Build.0 = Debug|Any CPU
		{1328EDD3-5063-4ED9-905C-0E892A121D84}.Release|Any CPU.ActiveCfg = Release|Any CPU
		{1328EDD3-5063-4ED9-905C-0E892A121D84}.Release|Any CPU.Build.0 = Release|Any CPU
		{D4D6E9F2-A627-413E-9B45-A20E29680A84}.Debug|Any CPU.ActiveCfg = Debug|Any CPU
		{D4D6E9F2-A627-413E-9B45-A20E29680A84}.Debug|Any CPU.Build.0 = Debug|Any CPU
		{D4D6E9F2-A627-413E-9B45-A20E29680A84}.Release|Any CPU.ActiveCfg = Release|Any CPU
		{D4D6E9F2-A627-413E-9B45-A20E29680A84}.Release|Any CPU.Build.0 = Release|Any CPU
		{F38D464E-631F-45F3-942F-2C36AA77D04D}.Debug|Any CPU.ActiveCfg = Debug|Any CPU
		{F38D464E-631F-45F3-942F-2C36AA77D04D}.Debug|Any CPU.Build.0 = Debug|Any CPU
		{F38D464E-631F-45F3-942F-2C36AA77D04D}.Release|Any CPU.ActiveCfg = Release|Any CPU
		{F38D464E-631F-45F3-942F-2C36AA77D04D}.Release|Any CPU.Build.0 = Release|Any CPU
	EndGlobalSection
	GlobalSection(SolutionProperties) = preSolution
		HideSolutionNode = FALSE
	EndGlobalSection
	GlobalSection(SubversionScc) = preSolution
		Svn-Managed = True
		Manager = AnkhSVN - Subversion Support for Visual Studio
	EndGlobalSection
EndGlobal
